
Microsoft Visual Studio Solution File, Format Version 12.00
# Visual Studio Version 16
VisualStudioVersion = 16.0.28922.388
MinimumVisualStudioVersion = 10.0.40219.1
Project("{8BC9CEB8-8B4A-11D0-8D11-00A0C91BC942}") = "Project_43_2_ Currency Calculator Screen", "Project_43_2_ Currency Calculator Screen.vcxproj", "{41FC5B8E-DDA5-4E97-8EA1-258097E62A36}"
EndProject
Global
	GlobalSection(SolutionConfigurationPlatforms) = preSolution
		Debug|x64 = Debug|x64
		Debug|x86 = Debug|x86
		Release|x64 = Release|x64
		Release|x86 = Release|x86
	EndGlobalSection
	GlobalSection(ProjectConfigurationPlatforms) = postSolution
		{41FC5B8E-DDA5-4E97-8EA1-258097E62A36}.Debug|x64.ActiveCfg = Debug|x64
		{41FC5B8E-DDA5-4E97-8EA1-258097E62A36}.Debug|x64.Build.0 = Debug|x64
		{41FC5B8E-DDA5-4E97-8EA1-258097E62A36}.Debug|x86.ActiveCfg = Debug|Win32
		{41FC5B8E-DDA5-4E97-8EA1-258097E62A36}.Debug|x86.Build.0 = Debug|Win32
		{41FC5B8E-DDA5-4E97-8EA1-258097E62A36}.Release|x64.ActiveCfg = Release|x64
		{41FC5B8E-DDA5-4E97-8EA1-258097E62A36}.Release|x64.Build.0 = Release|x64
		{41FC5B8E-DDA5-4E97-8EA1-258097E62A36}.Release|x86.ActiveCfg = Release|Win32
		{41FC5B8E-DDA5-4E97-8EA1-258097E62A36}.Release|x86.Build.0 = Release|Win32
	EndGlobalSection
	GlobalSection(SolutionProperties) = preSolution
		HideSolutionNode = FALSE
	EndGlobalSection
	GlobalSection(ExtensibilityGlobals) = postSolution
		SolutionGuid = {4217619F-604E-46FC-9B44-46785F8B92B5}
	EndGlobalSection
EndGlobal
